
Microsoft Visual Studio Solution File, Format Version 12.00
# Visual Studio Version 17
VisualStudioVersion = 17.5.002.0
MinimumVisualStudioVersion = 10.0.40219.1
Project("{9A19103F-16F7-4668-BE54-9A1E7A4F7556}") = "l07-assignment", "l07-assignment.csproj", "{59733C19-3BCE-48FC-B89D-6B120275BD1E}"
EndProject
Global
	GlobalSection(SolutionConfigurationPlatforms) = preSolution
		Debug|Any CPU = Debug|Any CPU
		Release|Any CPU = Release|Any CPU
	EndGlobalSection
	GlobalSection(ProjectConfigurationPlatforms) = postSolution
		{59733C19-3BCE-48FC-B89D-6B120275BD1E}.Debug|Any CPU.ActiveCfg = Debug|Any CPU
		{59733C19-3BCE-48FC-B89D-6B120275BD1E}.Debug|Any CPU.Build.0 = Debug|Any CPU
		{59733C19-3BCE-48FC-B89D-6B120275BD1E}.Release|Any CPU.ActiveCfg = Release|Any CPU
		{59733C19-3BCE-48FC-B89D-6B120275BD1E}.Release|Any CPU.Build.0 = Release|Any CPU
	EndGlobalSection
	GlobalSection(SolutionProperties) = preSolution
		HideSolutionNode = FALSE
	EndGlobalSection
	GlobalSection(ExtensibilityGlobals) = postSolution
		SolutionGuid = {89E360D3-EC0B-4239-A227-483593048B73}
	EndGlobalSection
EndGlobal
